// !$*UTF8*$!
{
	archiveVersion = 1;
	classes = {
	};
	objectVersion = 46;
	objects = {

/* Begin PBXBuildFile section */
		048C8B491EA18A0F0096CC74 /* AppDelegate.swift in Sources */ = {isa = PBXBuildFile; fileRef = 048C8B481EA18A0F0096CC74 /* AppDelegate.swift */; };
		048C8B4B1EA18A0F0096CC74 /* ViewController.swift in Sources */ = {isa = PBXBuildFile; fileRef = 048C8B4A1EA18A0F0096CC74 /* ViewController.swift */; };
		048C8B4E1EA18A0F0096CC74 /* Main.storyboard in Resources */ = {isa = PBXBuildFile; fileRef = 048C8B4C1EA18A0F0096CC74 /* Main.storyboard */; };
		048C8B501EA18A0F0096CC74 /* Assets.xcassets in Resources */ = {isa = PBXBuildFile; fileRef = 048C8B4F1EA18A0F0096CC74 /* Assets.xcassets */; };
		048C8B531EA18A0F0096CC74 /* LaunchScreen.storyboard in Resources */ = {isa = PBXBuildFile; fileRef = 048C8B511EA18A0F0096CC74 /* LaunchScreen.storyboard */; };
/* End PBXBuildFile section */

/* Begin PBXFileReference section */
		048C8B451EA18A0F0096CC74 /* WhiteNoise.app */ = {isa = PBXFileReference; explicitFileType = wrapper.application; includeInIndex = 0; path = WhiteNoise.app; sourceTree = BUILT_PRODUCTS_DIR; };
		048C8B481EA18A0F0096CC74 /* AppDelegate.swift */ = {isa = PBXFileReference; lastKnownFileType = sourcecode.swift; path = AppDelegate.swift; sourceTree = "<group>"; };
		048C8B4A1EA18A0F0096CC74 /* ViewController.swift */ = {isa = PBXFileReference; lastKnownFileType = sourcecode.swift; path = ViewController.swift; sourceTree = "<group>"; };
		048C8B4D1EA18A0F0096CC74 /* Base */ = {isa = PBXFileReference; lastKnownFileType = file.storyboard; name = Base; path = Base.lproj/Main.storyboard; sourceTree = "<group>"; };
		048C8B4F1EA18A0F0096CC74 /* Assets.xcassets */ = {isa = PBXFileReference; lastKnownFileType = folder.assetcatalog; path = Assets.xcassets; sourceTree = "<group>"; };
		048C8B521EA18A0F0096CC74 /* Base */ = {isa = PBXFileReference; lastKnownFileType = file.storyboard; name = Base; path = Base.lproj/LaunchScreen.storyboard; sourceTree = "<group>"; };
		048C8B541EA18A0F0096CC74 /* Info.plist */ = {isa = PBXFileReference; lastKnownFileType = text.plist.xml; path = Info.plist; sourceTree = "<group>"; };
/* End PBXFileReference section */

/* Begin PBXFrameworksBuildPhase section */
		048C8B421EA18A0F0096CC74 /* Frameworks */ = {
			isa = PBXFrameworksBuildPhase;
			buildActionMask = 2147483647;
			files = (
			);
			runOnlyForDeploymentPostprocessing = 0;
		};
/* End PBXFrameworksBuildPhase section */

/* Begin PBXGroup section */
		048C8B3C1EA18A0F0096CC74 = {
			isa = PBXGroup;
			children = (
				048C8B471EA18A0F0096CC74 /* WhiteNoise */,
				048C8B461EA18A0F0096CC74 /* Products */,
			);
			sourceTree = "<group>";
		};
		048C8B461EA18A0F0096CC74 /* Products */ = {
			isa = PBXGroup;
			children = (
				048C8B451EA18A0F0096CC74 /* WhiteNoise.app */,
			);
			name = Products;
			sourceTree = "<group>";
		};
		048C8B471EA18A0F0096CC74 /* WhiteNoise */ = {
			isa = PBXGroup;
			children = (
				048C8B481EA18A0F0096CC74 /* AppDelegate.swift */,
				048C8B4A1EA18A0F0096CC74 /* ViewController.swift */,
				048C8B4C1EA18A0F0096CC74 /* Main.storyboard */,
				048C8B4F1EA18A0F0096CC74 /* Assets.xcassets */,
				048C8B511EA18A0F0096CC74 /* LaunchScreen.storyboard */,
				048C8B541EA18A0F0096CC74 /* Info.plist */,
			);
			path = WhiteNoise;
			sourceTree = "<group>";
		};
/* End PBXGroup section */

/* Begin PBXNativeTarget section */
		048C8B441EA18A0F0096CC74 /* WhiteNoise */ = {
			isa = PBXNativeTarget;
			buildConfigurationList = 048C8B571EA18A0F0096CC74 /* Build configuration list for PBXNativeTarget "WhiteNoise" */;
			buildPhases = (
				048C8B411EA18A0F0096CC74 /* Sources */,
				048C8B421EA18A0F0096CC74 /* Frameworks */,
				048C8B431EA18A0F0096CC74 /* Resources */,
			);
			buildRules = (
			);
			dependencies = (
			);
			name = WhiteNoise;
			productName = WhiteNoise;
			productReference = 048C8B451EA18A0F0096CC74 /* WhiteNoise.app */;
			productType = "com.apple.product-type.application";
		};
/* End PBXNativeTarget section */

/* Begin PBXProject section */
		048C8B3D1EA18A0F0096CC74 /* Project object */ = {
			isa = PBXProject;
			attributes = {
				LastSwiftUpdateCheck = 0830;
				LastUpgradeCheck = 0830;
				ORGANIZATIONNAME = "John Hill";
				TargetAttributes = {
					048C8B441EA18A0F0096CC74 = {
						CreatedOnToolsVersion = 8.3.1;
						DevelopmentTeam = U275QAVXQX;
						ProvisioningStyle = Automatic;
					};
				};
			};
			buildConfigurationList = 048C8B401EA18A0F0096CC74 /* Build configuration list for PBXProject "WhiteNoise" */;
			compatibilityVersion = "Xcode 3.2";
			developmentRegion = English;
			hasScannedForEncodings = 0;
			knownRegions = (
				en,
				Base,
			);
			mainGroup = 048C8B3C1EA18A0F0096CC74;
			productRefGroup = 048C8B461EA18A0F0096CC74 /* Products */;
			projectDirPath = "";
			projectRoot = "";
			targets = (
				048C8B441EA18A0F0096CC74 /* WhiteNoise */,
			);
		};
/* End PBXProject section */

/* Begin PBXResourcesBuildPhase section */
		048C8B431EA18A0F0096CC74 /* Resources */ = {
			isa = PBXResourcesBuildPhase;
			buildActionMask = 2147483647;
			files = (
				048C8B531EA18A0F0096CC74 /* LaunchScreen.storyboard in Resources */,
				048C8B501EA18A0F0096CC74 /* Assets.xcassets in Resources */,
				048C8B4E1EA18A0F0096CC74 /* Main.storyboard in Resources */,
			);
			runOnlyForDeploymentPostprocessing = 0;
		};
/* End PBXResourcesBuildPhase section */

/* Begin PBXSourcesBuildPhase section */
		048C8B411EA18A0F0096CC74 /* Sources */ = {
			isa = PBXSourcesBuildPhase;
			buildActionMask = 2147483647;
			files = (
				048C8B4B1EA18A0F0096CC74 /* ViewController.swift in Sources */,
				048C8B491EA18A0F0096CC74 /* AppDelegate.swift in Sources */,
			);
			runOnlyForDeploymentPostprocessing = 0;
		};
/* End PBXSourcesBuildPhase section */

/* Begin PBXVariantGroup section */
		048C8B4C1EA18A0F0096CC74 /* Main.storyboard */ = {
			isa = PBXVariantGroup;
			children = (
				048C8B4D1EA18A0F0096CC74 /* Base */,
			);
			name = Main.storyboard;
			sourceTree = "<group>";
		};
		048C8B511EA18A0F0096CC74 /* LaunchScreen.storyboard */ = {
			isa = PBXVariantGroup;
			children = (
				048C8B521EA18A0F0096CC74 /* Base */,
			);
			name = LaunchScreen.storyboard;
			sourceTree = "<group>";
		};
/* End PBXVariantGroup section */

/* Begin XCBuildConfiguration section */
		048C8B551EA18A0F0096CC74 /* Debug */ = {
			isa = XCBuildConfiguration;
			buildSettings = {
				ALWAYS_SEARCH_USER_PATHS = NO;
				CLANG_ANALYZER_NONNULL = YES;
				CLANG_ANALYZER_NUMBER_OBJECT_CONVERSION = YES_AGGRESSIVE;
				CLANG_CXX_LANGUAGE_STANDARD = "gnu++0x";
				CLANG_CXX_LIBRARY = "libc++";
				CLANG_ENABLE_MODULES = YES;
				CLANG_ENABLE_OBJC_ARC = YES;
				CLANG_WARN_BOOL_CONVERSION = YES;
				CLANG_WARN_CONSTANT_CONVERSION = YES;
				CLANG_WARN_DIRECT_OBJC_ISA_USAGE = YES_ERROR;
				CLANG_WARN_DOCUMENTATION_COMMENTS = YES;
				CLANG_WARN_EMPTY_BODY = YES;
				CLANG_WARN_ENUM_CONVERSION = YES;
				CLANG_WARN_INFINITE_RECURSION = YES;
				CLANG_WARN_INT_CONVERSION = YES;
				CLANG_WARN_OBJC_ROOT_CLASS = YES_ERROR;
				CLANG_WARN_SUSPICIOUS_MOVE = YES;
				CLANG_WARN_UNREACHABLE_CODE = YES;
				CLANG_WARN__DUPLICATE_METHOD_MATCH = YES;
				"CODE_SIGN_IDENTITY[sdk=iphoneos*]" = "iPhone Developer";
				COPY_PHASE_STRIP = NO;
				DEBUG_INFORMATION_FORMAT = dwarf;
				ENABLE_STRICT_OBJC_MSGSEND = YES;
				ENABLE_TESTABILITY = YES;
				GCC_C_LANGUAGE_STANDARD = gnu99;
				GCC_DYNAMIC_NO_PIC = NO;
				GCC_NO_COMMON_BLOCKS = YES;
				GCC_OPTIMIZATION_LEVEL = 0;
				GCC_PREPROCESSOR_DEFINITIONS = (
					"DEBUG=1",
					"$(inherited)",
				);
				GCC_WARN_64_TO_32_BIT_CONVERSION = YES;
				GCC_WARN_ABOUT_RETURN_TYPE = YES_ERROR;
				GCC_WARN_UNDECLARED_SELECTOR = YES;
				GCC_WARN_UNINITIALIZED_AUTOS = YES_AGGRESSIVE;
				GCC_WARN_UNUSED_FUNCTION = YES;
				GCC_WARN_UNUSED_VARIABLE = YES;
				IPHONEOS_DEPLOYMENT_TARGET = 10.3;
				MTL_ENABLE_DEBUG_INFO = YES;
				ONLY_ACTIVE_ARCH = YES;
				SDKROOT = iphoneos;
				SWIFT_ACTIVE_COMPILATION_CONDITIONS = DEBUG;
				SWIFT_OPTIMIZATION_LEVEL = "-Onone";
				TARGETED_DEVICE_FAMILY = "1,2";
			};
			name = Debug;
		};
		048C8B561EA18A0F0096CC74 /* Release */ = {
			isa = XCBuildConfiguration;
			buildSettings = {
				ALWAYS_SEARCH_USER_PATHS = NO;
				CLANG_ANALYZER_NONNULL = YES;
				CLANG_ANALYZER_NUMBER_OBJECT_CONVERSION = YES_AGGRESSIVE;
				CLANG_CXX_LANGUAGE_STANDARD = "gnu++0x";
				CLANG_CXX_LIBRARY = "libc++";
				CLANG_ENABLE_MODULES = YES;
				CLANG_ENABLE_OBJC_ARC = YES;
				CLANG_WARN_BOOL_CONVERSION = YES;
				CLANG_WARN_CONSTANT_CONVERSION = YES;
				CLANG_WARN_DIRECT_OBJC_ISA_USAGE = YES_ERROR;
				CLANG_WARN_DOCUMENTATION_COMMENTS = YES;
				CLANG_WARN_EMPTY_BODY = YES;
				CLANG_WARN_ENUM_CONVERSION = YES;
				CLANG_WARN_INFINITE_RECURSION = YES;
				CLANG_WARN_INT_CONVERSION = YES;
				CLANG_WARN_OBJC_ROOT_CLASS = YES_ERROR;
				CLANG_WARN_SUSPICIOUS_MOVE = YES;
				CLANG_WARN_UNREACHABLE_CODE = YES;
				CLANG_WARN__DUPLICATE_METHOD_MATCH = YES;
				"CODE_SIGN_IDENTITY[sdk=iphoneos*]" = "iPhone Developer";
				COPY_PHASE_STRIP = NO;
				DEBUG_INFORMATION_FORMAT = "dwarf-with-dsym";
				ENABLE_NS_ASSERTIONS = NO;
				ENABLE_STRICT_OBJC_MSGSEND = YES;
				GCC_C_LANGUAGE_STANDARD = gnu99;
				GCC_NO_COMMON_BLOCKS = YES;
				GCC_WARN_64_TO_32_BIT_CONVERSION = YES;
				GCC_WARN_ABOUT_RETURN_TYPE = YES_ERROR;
				GCC_WARN_UNDECLARED_SELECTOR = YES;
				GCC_WARN_UNINITIALIZED_AUTOS = YES_AGGRESSIVE;
				GCC_WARN_UNUSED_FUNCTION = YES;
				GCC_WARN_UNUSED_VARIABLE = YES;
				IPHONEOS_DEPLOYMENT_TARGET = 10.3;
				MTL_ENABLE_DEBUG_INFO = NO;
				SDKROOT = iphoneos;
				SWIFT_OPTIMIZATION_LEVEL = "-Owholemodule";
				TARGETED_DEVICE_FAMILY = "1,2";
				VALIDATE_PRODUCT = YES;
			};
			name = Release;
		};
		048C8B581EA18A0F0096CC74 /* Debug */ = {
			isa = XCBuildConfiguration;
			buildSettings = {
				ASSETCATALOG_COMPILER_APPICON_NAME = AppIcon;
				DEVELOPMENT_TEAM = U275QAVXQX;
				INFOPLIST_FILE = WhiteNoise/Info.plist;
				LD_RUNPATH_SEARCH_PATHS = "$(inherited) @executable_path/Frameworks";
				PRODUCT_BUNDLE_IDENTIFIER = com.rapidiphonedev.WhiteNoise;
				PRODUCT_NAME = "$(TARGET_NAME)";
				SWIFT_VERSION = 3.0;
			};
			name = Debug;
		};
		048C8B591EA18A0F0096CC74 /* Release */ = {
			isa = XCBuildConfiguration;
			buildSettings = {
				ASSETCATALOG_COMPILER_APPICON_NAME = AppIcon;
				DEVELOPMENT_TEAM = U275QAVXQX;
				INFOPLIST_FILE = WhiteNoise/Info.plist;
				LD_RUNPATH_SEARCH_PATHS = "$(inherited) @executable_path/Frameworks";
				PRODUCT_BUNDLE_IDENTIFIER = com.rapidiphonedev.WhiteNoise;
				PRODUCT_NAME = "$(TARGET_NAME)";
				SWIFT_VERSION = 3.0;
			};
			name = Release;
		};
/* End XCBuildConfiguration section */

/* Begin XCConfigurationList section */
		048C8B401EA18A0F0096CC74 /* Build configuration list for PBXProject "WhiteNoise" */ = {
			isa = XCConfigurationList;
			buildConfigurations = (
				048C8B551EA18A0F0096CC74 /* Debug */,
				048C8B561EA18A0F0096CC74 /* Release */,
			);
			defaultConfigurationIsVisible = 0;
			defaultConfigurationName = Release;
		};
		048C8B571EA18A0F0096CC74 /* Build configuration list for PBXNativeTarget "WhiteNoise" */ = {
			isa = XCConfigurationList;
			buildConfigurations = (
				048C8B581EA18A0F0096CC74 /* Debug */,
				048C8B591EA18A0F0096CC74 /* Release */,
			);
			defaultConfigurationIsVisible = 0;
		};
/* End XCConfigurationList section */
	};
	rootObject = 048C8B3D1EA18A0F0096CC74 /* Project object */;
}
